// !$*UTF8*$!
{
	archiveVersion = 1;
	classes = {
	};
	objectVersion = 51;
	objects = {

/* Begin PBXBuildFile section */
		ABE8D5B35ED39430972F2856 /* Pods_Resplandecer.framework in Frameworks */ = {isa = PBXBuildFile; fileRef = A8E8DD140A97B1CCB1FDDDF8 /* Pods_Resplandecer.framework */; };
		D1364DAF23F875E300C43CAA /* AppDelegate.swift in Sources */ = {isa = PBXBuildFile; fileRef = D1364DAE23F875E300C43CAA /* AppDelegate.swift */; };
		D1364DB123F875E300C43CAA /* SceneDelegate.swift in Sources */ = {isa = PBXBuildFile; fileRef = D1364DB023F875E300C43CAA /* SceneDelegate.swift */; };
		D1364DB523F875F100C43CAA /* Assets.xcassets in Resources */ = {isa = PBXBuildFile; fileRef = D1364DB423F875F100C43CAA /* Assets.xcassets */; };
		D1364DB823F875F100C43CAA /* Preview Assets.xcassets in Resources */ = {isa = PBXBuildFile; fileRef = D1364DB723F875F100C43CAA /* Preview Assets.xcassets */; };
		D1364DBB23F875F100C43CAA /* LaunchScreen.storyboard in Resources */ = {isa = PBXBuildFile; fileRef = D1364DB923F875F100C43CAA /* LaunchScreen.storyboard */; };
		DA63BBE22478D5E500DD6B62 /* GoogleService-Info.plist in Resources */ = {isa = PBXBuildFile; fileRef = DA63BBE12478D5E500DD6B62 /* GoogleService-Info.plist */; };
		DACD853525B7C3C9000807A3 /* Main.storyboard in Resources */ = {isa = PBXBuildFile; fileRef = DACD853425B7C3C9000807A3 /* Main.storyboard */; };
		DACD854725B7C3ED000807A3 /* VDEEViewController.swift in Sources */ = {isa = PBXBuildFile; fileRef = DACD853825B7C3E4000807A3 /* VDEEViewController.swift */; };
		DACD854825B7C3ED000807A3 /* VDEEBilingueTableViewCell.swift in Sources */ = {isa = PBXBuildFile; fileRef = DACD853A25B7C3E6000807A3 /* VDEEBilingueTableViewCell.swift */; };
		DACD854925B7C3ED000807A3 /* VDEEBilingueTableViewController.swift in Sources */ = {isa = PBXBuildFile; fileRef = DACD853B25B7C3E6000807A3 /* VDEEBilingueTableViewController.swift */; };
		DACD854A25B7C3ED000807A3 /* ResplandecerWebViewController.swift in Sources */ = {isa = PBXBuildFile; fileRef = DACD853D25B7C3E8000807A3 /* ResplandecerWebViewController.swift */; };
		DACD854B25B7C3ED000807A3 /* VQCEEDTableViewController.swift in Sources */ = {isa = PBXBuildFile; fileRef = DACD853F25B7C3EA000807A3 /* VQCEEDTableViewController.swift */; };
		DACD854C25B7C3ED000807A3 /* VQCEEDTableViewCell.swift in Sources */ = {isa = PBXBuildFile; fileRef = DACD854025B7C3EA000807A3 /* VQCEEDTableViewCell.swift */; };
		DACD854D25B7C3ED000807A3 /* HimnarioTableViewCell.swift in Sources */ = {isa = PBXBuildFile; fileRef = DACD854225B7C3EC000807A3 /* HimnarioTableViewCell.swift */; };
		DACD854E25B7C3ED000807A3 /* HimnarioTableViewController.swift in Sources */ = {isa = PBXBuildFile; fileRef = DACD854325B7C3EC000807A3 /* HimnarioTableViewController.swift */; };
		DACD854F25B7C3ED000807A3 /* DeclaracionAlDiaTableViewController.swift in Sources */ = {isa = PBXBuildFile; fileRef = DACD854525B7C3ED000807A3 /* DeclaracionAlDiaTableViewController.swift */; };
		DACD855025B7C3ED000807A3 /* DeclaracionAlDiaTableViewCell.swift in Sources */ = {isa = PBXBuildFile; fileRef = DACD854625B7C3ED000807A3 /* DeclaracionAlDiaTableViewCell.swift */; };
		DACD855625B7C50B000807A3 /* MainTableViewCell.swift in Sources */ = {isa = PBXBuildFile; fileRef = DACD855525B7C50B000807A3 /* MainTableViewCell.swift */; };
		DACD855925B7C516000807A3 /* tItleContentBlocksTableViewController.swift in Sources */ = {isa = PBXBuildFile; fileRef = DACD855825B7C516000807A3 /* tItleContentBlocksTableViewController.swift */; };
		DACD855C25B7C51D000807A3 /* AvPlayerManager.swift in Sources */ = {isa = PBXBuildFile; fileRef = DACD855B25B7C51C000807A3 /* AvPlayerManager.swift */; };
/* End PBXBuildFile section */

/* Begin PBXFileReference section */
		52F212AC66C08733BD2928D9 /* Pods-Resplandecer.release.xcconfig */ = {isa = PBXFileReference; includeInIndex = 1; lastKnownFileType = text.xcconfig; name = "Pods-Resplandecer.release.xcconfig"; path = "Target Support Files/Pods-Resplandecer/Pods-Resplandecer.release.xcconfig"; sourceTree = "<group>"; };
		A8E8DD140A97B1CCB1FDDDF8 /* Pods_Resplandecer.framework */ = {isa = PBXFileReference; explicitFileType = wrapper.framework; includeInIndex = 0; path = Pods_Resplandecer.framework; sourceTree = BUILT_PRODUCTS_DIR; };
		D1364DAB23F875E300C43CAA /* Resplandecer.app */ = {isa = PBXFileReference; explicitFileType = wrapper.application; includeInIndex = 0; path = Resplandecer.app; sourceTree = BUILT_PRODUCTS_DIR; };
		D1364DAE23F875E300C43CAA /* AppDelegate.swift */ = {isa = PBXFileReference; lastKnownFileType = sourcecode.swift; path = AppDelegate.swift; sourceTree = "<group>"; };
		D1364DB023F875E300C43CAA /* SceneDelegate.swift */ = {isa = PBXFileReference; lastKnownFileType = sourcecode.swift; path = SceneDelegate.swift; sourceTree = "<group>"; };
		D1364DB423F875F100C43CAA /* Assets.xcassets */ = {isa = PBXFileReference; lastKnownFileType = folder.assetcatalog; path = Assets.xcassets; sourceTree = "<group>"; };
		D1364DB723F875F100C43CAA /* Preview Assets.xcassets */ = {isa = PBXFileReference; lastKnownFileType = folder.assetcatalog; path = "Preview Assets.xcassets"; sourceTree = "<group>"; };
		D1364DBA23F875F100C43CAA /* Base */ = {isa = PBXFileReference; lastKnownFileType = file.storyboard; name = Base; path = Base.lproj/LaunchScreen.storyboard; sourceTree = "<group>"; };
		D1364DBC23F875F100C43CAA /* Info.plist */ = {isa = PBXFileReference; lastKnownFileType = text.plist.xml; path = Info.plist; sourceTree = "<group>"; };
		D147A11CA79A0E314BC49CC5 /* Pods-Resplandecer.debug.xcconfig */ = {isa = PBXFileReference; includeInIndex = 1; lastKnownFileType = text.xcconfig; name = "Pods-Resplandecer.debug.xcconfig"; path = "Target Support Files/Pods-Resplandecer/Pods-Resplandecer.debug.xcconfig"; sourceTree = "<group>"; };
		DA63BBDC24721E1B00DD6B62 /* Resplandecer.entitlements */ = {isa = PBXFileReference; lastKnownFileType = text.plist.entitlements; path = Resplandecer.entitlements; sourceTree = "<group>"; };
		DA63BBE12478D5E500DD6B62 /* GoogleService-Info.plist */ = {isa = PBXFileReference; fileEncoding = 4; lastKnownFileType = text.plist.xml; name = "GoogleService-Info.plist"; path = "../../../Downloads/GoogleService-Info.plist"; sourceTree = "<group>"; };
		DACD853425B7C3C9000807A3 /* Main.storyboard */ = {isa = PBXFileReference; fileEncoding = 4; lastKnownFileType = file.storyboard; path = Main.storyboard; sourceTree = "<group>"; };
		DACD853825B7C3E4000807A3 /* VDEEViewController.swift */ = {isa = PBXFileReference; fileEncoding = 4; lastKnownFileType = sourcecode.swift; path = VDEEViewController.swift; sourceTree = "<group>"; };
		DACD853A25B7C3E6000807A3 /* VDEEBilingueTableViewCell.swift */ = {isa = PBXFileReference; fileEncoding = 4; lastKnownFileType = sourcecode.swift; path = VDEEBilingueTableViewCell.swift; sourceTree = "<group>"; };
		DACD853B25B7C3E6000807A3 /* VDEEBilingueTableViewController.swift */ = {isa = PBXFileReference; fileEncoding = 4; lastKnownFileType = sourcecode.swift; path = VDEEBilingueTableViewController.swift; sourceTree = "<group>"; };
		DACD853D25B7C3E8000807A3 /* ResplandecerWebViewController.swift */ = {isa = PBXFileReference; fileEncoding = 4; lastKnownFileType = sourcecode.swift; path = ResplandecerWebViewController.swift; sourceTree = "<group>"; };
		DACD853F25B7C3EA000807A3 /* VQCEEDTableViewController.swift */ = {isa = PBXFileReference; fileEncoding = 4; lastKnownFileType = sourcecode.swift; path = VQCEEDTableViewController.swift; sourceTree = "<group>"; };
		DACD854025B7C3EA000807A3 /* VQCEEDTableViewCell.swift */ = {isa = PBXFileReference; fileEncoding = 4; lastKnownFileType = sourcecode.swift; path = VQCEEDTableViewCell.swift; sourceTree = "<group>"; };
		DACD854225B7C3EC000807A3 /* HimnarioTableViewCell.swift */ = {isa = PBXFileReference; fileEncoding = 4; lastKnownFileType = sourcecode.swift; path = HimnarioTableViewCell.swift; sourceTree = "<group>"; };
		DACD854325B7C3EC000807A3 /* HimnarioTableViewController.swift */ = {isa = PBXFileReference; fileEncoding = 4; lastKnownFileType = sourcecode.swift; path = HimnarioTableViewController.swift; sourceTree = "<group>"; };
		DACD854525B7C3ED000807A3 /* DeclaracionAlDiaTableViewController.swift */ = {isa = PBXFileReference; fileEncoding = 4; lastKnownFileType = sourcecode.swift; path = DeclaracionAlDiaTableViewController.swift; sourceTree = "<group>"; };
		DACD854625B7C3ED000807A3 /* DeclaracionAlDiaTableViewCell.swift */ = {isa = PBXFileReference; fileEncoding = 4; lastKnownFileType = sourcecode.swift; path = DeclaracionAlDiaTableViewCell.swift; sourceTree = "<group>"; };
		DACD855525B7C50B000807A3 /* MainTableViewCell.swift */ = {isa = PBXFileReference; fileEncoding = 4; lastKnownFileType = sourcecode.swift; path = MainTableViewCell.swift; sourceTree = "<group>"; };
		DACD855825B7C516000807A3 /* tItleContentBlocksTableViewController.swift */ = {isa = PBXFileReference; fileEncoding = 4; lastKnownFileType = sourcecode.swift; path = tItleContentBlocksTableViewController.swift; sourceTree = "<group>"; };
		DACD855B25B7C51C000807A3 /* AvPlayerManager.swift */ = {isa = PBXFileReference; fileEncoding = 4; lastKnownFileType = sourcecode.swift; path = AvPlayerManager.swift; sourceTree = "<group>"; };
/* End PBXFileReference section */

/* Begin PBXFrameworksBuildPhase section */
		D1364DA823F875E300C43CAA /* Frameworks */ = {
			isa = PBXFrameworksBuildPhase;
			buildActionMask = 2147483647;
			files = (
				ABE8D5B35ED39430972F2856 /* Pods_Resplandecer.framework in Frameworks */,
			);
			runOnlyForDeploymentPostprocessing = 0;
		};
/* End PBXFrameworksBuildPhase section */

/* Begin PBXGroup section */
		064B4789237F084C5592441A /* Pods */ = {
			isa = PBXGroup;
			children = (
				D147A11CA79A0E314BC49CC5 /* Pods-Resplandecer.debug.xcconfig */,
				52F212AC66C08733BD2928D9 /* Pods-Resplandecer.release.xcconfig */,
			);
			path = Pods;
			sourceTree = "<group>";
		};
		7BF220FA72325465721606A8 /* Frameworks */ = {
			isa = PBXGroup;
			children = (
				A8E8DD140A97B1CCB1FDDDF8 /* Pods_Resplandecer.framework */,
			);
			name = Frameworks;
			sourceTree = "<group>";
		};
		D1364DA223F875E200C43CAA = {
			isa = PBXGroup;
			children = (
				D1364DAD23F875E300C43CAA /* Resplandecer */,
				D1364DAC23F875E300C43CAA /* Products */,
				064B4789237F084C5592441A /* Pods */,
				7BF220FA72325465721606A8 /* Frameworks */,
			);
			sourceTree = "<group>";
		};
		D1364DAC23F875E300C43CAA /* Products */ = {
			isa = PBXGroup;
			children = (
				D1364DAB23F875E300C43CAA /* Resplandecer.app */,
			);
			name = Products;
			sourceTree = "<group>";
		};
		D1364DAD23F875E300C43CAA /* Resplandecer */ = {
			isa = PBXGroup;
			children = (
				DACD855B25B7C51C000807A3 /* AvPlayerManager.swift */,
				DACD855825B7C516000807A3 /* tItleContentBlocksTableViewController.swift */,
				DACD855525B7C50B000807A3 /* MainTableViewCell.swift */,
				DACD854425B7C3ED000807A3 /* DeclaracionAlDia */,
				DACD854125B7C3EC000807A3 /* Himnario */,
				DACD853C25B7C3E8000807A3 /* ResplandecerWeb */,
				DACD853725B7C3E4000807A3 /* VDEE */,
				DACD853925B7C3E6000807A3 /* VDEEBilingue */,
				DACD853E25B7C3EA000807A3 /* VQCEED */,
				DACD853425B7C3C9000807A3 /* Main.storyboard */,
				DA63BBE12478D5E500DD6B62 /* GoogleService-Info.plist */,
				DA63BBDC24721E1B00DD6B62 /* Resplandecer.entitlements */,
				D1364DAE23F875E300C43CAA /* AppDelegate.swift */,
				D1364DB023F875E300C43CAA /* SceneDelegate.swift */,
				D1364DB423F875F100C43CAA /* Assets.xcassets */,
				D1364DB923F875F100C43CAA /* LaunchScreen.storyboard */,
				D1364DBC23F875F100C43CAA /* Info.plist */,
				D1364DB623F875F100C43CAA /* Preview Content */,
			);
			path = Resplandecer;
			sourceTree = "<group>";
		};
		D1364DB623F875F100C43CAA /* Preview Content */ = {
			isa = PBXGroup;
			children = (
				D1364DB723F875F100C43CAA /* Preview Assets.xcassets */,
			);
			path = "Preview Content";
			sourceTree = "<group>";
		};
		DACD853725B7C3E4000807A3 /* VDEE */ = {
			isa = PBXGroup;
			children = (
				DACD853825B7C3E4000807A3 /* VDEEViewController.swift */,
			);
			path = VDEE;
			sourceTree = "<group>";
		};
		DACD853925B7C3E6000807A3 /* VDEEBilingue */ = {
			isa = PBXGroup;
			children = (
				DACD853A25B7C3E6000807A3 /* VDEEBilingueTableViewCell.swift */,
				DACD853B25B7C3E6000807A3 /* VDEEBilingueTableViewController.swift */,
			);
			path = VDEEBilingue;
			sourceTree = "<group>";
		};
		DACD853C25B7C3E8000807A3 /* ResplandecerWeb */ = {
			isa = PBXGroup;
			children = (
				DACD853D25B7C3E8000807A3 /* ResplandecerWebViewController.swift */,
			);
			path = ResplandecerWeb;
			sourceTree = "<group>";
		};
		DACD853E25B7C3EA000807A3 /* VQCEED */ = {
			isa = PBXGroup;
			children = (
				DACD853F25B7C3EA000807A3 /* VQCEEDTableViewController.swift */,
				DACD854025B7C3EA000807A3 /* VQCEEDTableViewCell.swift */,
			);
			path = VQCEED;
			sourceTree = "<group>";
		};
		DACD854125B7C3EC000807A3 /* Himnario */ = {
			isa = PBXGroup;
			children = (
				DACD854225B7C3EC000807A3 /* HimnarioTableViewCell.swift */,
				DACD854325B7C3EC000807A3 /* HimnarioTableViewController.swift */,
			);
			path = Himnario;
			sourceTree = "<group>";
		};
		DACD854425B7C3ED000807A3 /* DeclaracionAlDia */ = {
			isa = PBXGroup;
			children = (
				DACD854525B7C3ED000807A3 /* DeclaracionAlDiaTableViewController.swift */,
				DACD854625B7C3ED000807A3 /* DeclaracionAlDiaTableViewCell.swift */,
			);
			path = DeclaracionAlDia;
			sourceTree = "<group>";
		};
/* End PBXGroup section */

/* Begin PBXNativeTarget section */
		D1364DAA23F875E300C43CAA /* Resplandecer */ = {
			isa = PBXNativeTarget;
			buildConfigurationList = D1364DBF23F875F100C43CAA /* Build configuration list for PBXNativeTarget "Resplandecer" */;
			buildPhases = (
				4F5F7A47105EBD66D2D1BAE4 /* [CP] Check Pods Manifest.lock */,
				D1364DA723F875E300C43CAA /* Sources */,
				D1364DA823F875E300C43CAA /* Frameworks */,
				D1364DA923F875E300C43CAA /* Resources */,
				ECBE0DD2FC4A2ED3F0286295 /* [CP] Embed Pods Frameworks */,
				DA63BBDD247311B000DD6B62 /* ShellScript */,
			);
			buildRules = (
			);
			dependencies = (
			);
			name = Resplandecer;
			productName = Resplandecer;
			productReference = D1364DAB23F875E300C43CAA /* Resplandecer.app */;
			productType = "com.apple.product-type.application";
		};
/* End PBXNativeTarget section */

/* Begin PBXProject section */
		D1364DA323F875E200C43CAA /* Project object */ = {
			isa = PBXProject;
			attributes = {
				LastSwiftUpdateCheck = 1130;
				LastUpgradeCheck = 1130;
				ORGANIZATIONNAME = Resplandecer;
				TargetAttributes = {
					D1364DAA23F875E300C43CAA = {
						CreatedOnToolsVersion = 11.3.1;
					};
				};
			};
			buildConfigurationList = D1364DA623F875E300C43CAA /* Build configuration list for PBXProject "Resplandecer" */;
			compatibilityVersion = "Xcode 9.3";
			developmentRegion = en;
			hasScannedForEncodings = 0;
			knownRegions = (
				en,
				Base,
			);
			mainGroup = D1364DA223F875E200C43CAA;
			productRefGroup = D1364DAC23F875E300C43CAA /* Products */;
			projectDirPath = "";
			projectRoot = "";
			targets = (
				D1364DAA23F875E300C43CAA /* Resplandecer */,
			);
		};
/* End PBXProject section */

/* Begin PBXResourcesBuildPhase section */
		D1364DA923F875E300C43CAA /* Resources */ = {
			isa = PBXResourcesBuildPhase;
			buildActionMask = 2147483647;
			files = (
				D1364DBB23F875F100C43CAA /* LaunchScreen.storyboard in Resources */,
				DACD853525B7C3C9000807A3 /* Main.storyboard in Resources */,
				DA63BBE22478D5E500DD6B62 /* GoogleService-Info.plist in Resources */,
				D1364DB823F875F100C43CAA /* Preview Assets.xcassets in Resources */,
				D1364DB523F875F100C43CAA /* Assets.xcassets in Resources */,
			);
			runOnlyForDeploymentPostprocessing = 0;
		};
/* End PBXResourcesBuildPhase section */

/* Begin PBXShellScriptBuildPhase section */
		4F5F7A47105EBD66D2D1BAE4 /* [CP] Check Pods Manifest.lock */ = {
			isa = PBXShellScriptBuildPhase;
			buildActionMask = 2147483647;
			files = (
			);
			inputFileListPaths = (
			);
			inputPaths = (
				"${PODS_PODFILE_DIR_PATH}/Podfile.lock",
				"${PODS_ROOT}/Manifest.lock",
			);
			name = "[CP] Check Pods Manifest.lock";
			outputFileListPaths = (
			);
			outputPaths = (
				"$(DERIVED_FILE_DIR)/Pods-Resplandecer-checkManifestLockResult.txt",
			);
			runOnlyForDeploymentPostprocessing = 0;
			shellPath = /bin/sh;
			shellScript = "diff \"${PODS_PODFILE_DIR_PATH}/Podfile.lock\" \"${PODS_ROOT}/Manifest.lock\" > /dev/null\nif [ $? != 0 ] ; then\n    # print error to STDERR\n    echo \"error: The sandbox is not in sync with the Podfile.lock. Run 'pod install' or update your CocoaPods installation.\" >&2\n    exit 1\nfi\n# This output is used by Xcode 'outputs' to avoid re-running this script phase.\necho \"SUCCESS\" > \"${SCRIPT_OUTPUT_FILE_0}\"\n";
			showEnvVarsInLog = 0;
		};
		DA63BBDD247311B000DD6B62 /* ShellScript */ = {
			isa = PBXShellScriptBuildPhase;
			buildActionMask = 8;
			files = (
			);
			inputFileListPaths = (
			);
			inputPaths = (
				"${DWARF_DSYM_FOLDER_PATH}/${DWARF_DSYM_FILE_NAME}/Contents/Resources/DWARF/${TARGET_NAME}",
				"$(SRCROOT)/$(BUILT_PRODUCTS_DIR)/$(INFOPLIST_PATH)",
			);
			outputFileListPaths = (
			);
			outputPaths = (
			);
			runOnlyForDeploymentPostprocessing = 1;
			shellPath = /bin/sh;
			shellScript = "\"${PODS_ROOT}/FirebaseCrashlytics/run\"\n";
		};
		ECBE0DD2FC4A2ED3F0286295 /* [CP] Embed Pods Frameworks */ = {
			isa = PBXShellScriptBuildPhase;
			buildActionMask = 2147483647;
			files = (
			);
			inputFileListPaths = (
				"${PODS_ROOT}/Target Support Files/Pods-Resplandecer/Pods-Resplandecer-frameworks-${CONFIGURATION}-input-files.xcfilelist",
			);
			name = "[CP] Embed Pods Frameworks";
			outputFileListPaths = (
				"${PODS_ROOT}/Target Support Files/Pods-Resplandecer/Pods-Resplandecer-frameworks-${CONFIGURATION}-output-files.xcfilelist",
			);
			runOnlyForDeploymentPostprocessing = 0;
			shellPath = /bin/sh;
			shellScript = "\"${PODS_ROOT}/Target Support Files/Pods-Resplandecer/Pods-Resplandecer-frameworks.sh\"\n";
			showEnvVarsInLog = 0;
		};
/* End PBXShellScriptBuildPhase section */

/* Begin PBXSourcesBuildPhase section */
		D1364DA723F875E300C43CAA /* Sources */ = {
			isa = PBXSourcesBuildPhase;
			buildActionMask = 2147483647;
			files = (
				DACD855625B7C50B000807A3 /* MainTableViewCell.swift in Sources */,
				DACD854825B7C3ED000807A3 /* VDEEBilingueTableViewCell.swift in Sources */,
				DACD854925B7C3ED000807A3 /* VDEEBilingueTableViewController.swift in Sources */,
				D1364DAF23F875E300C43CAA /* AppDelegate.swift in Sources */,
				DACD854725B7C3ED000807A3 /* VDEEViewController.swift in Sources */,
				D1364DB123F875E300C43CAA /* SceneDelegate.swift in Sources */,
				DACD855025B7C3ED000807A3 /* DeclaracionAlDiaTableViewCell.swift in Sources */,
				DACD854F25B7C3ED000807A3 /* DeclaracionAlDiaTableViewController.swift in Sources */,
				DACD855925B7C516000807A3 /* tItleContentBlocksTableViewController.swift in Sources */,
				DACD854D25B7C3ED000807A3 /* HimnarioTableViewCell.swift in Sources */,
				DACD854B25B7C3ED000807A3 /* VQCEEDTableViewController.swift in Sources */,
				DACD854E25B7C3ED000807A3 /* HimnarioTableViewController.swift in Sources */,
				DACD854A25B7C3ED000807A3 /* ResplandecerWebViewController.swift in Sources */,
				DACD854C25B7C3ED000807A3 /* VQCEEDTableViewCell.swift in Sources */,
				DACD855C25B7C51D000807A3 /* AvPlayerManager.swift in Sources */,
			);
			runOnlyForDeploymentPostprocessing = 0;
		};
/* End PBXSourcesBuildPhase section */

/* Begin PBXVariantGroup section */
		D1364DB923F875F100C43CAA /* LaunchScreen.storyboard */ = {
			isa = PBXVariantGroup;
			children = (
				D1364DBA23F875F100C43CAA /* Base */,
			);
			name = LaunchScreen.storyboard;
			sourceTree = "<group>";
		};
/* End PBXVariantGroup section */

/* Begin XCBuildConfiguration section */
		D1364DBD23F875F100C43CAA /* Debug */ = {
			isa = XCBuildConfiguration;
			buildSettings = {
				ALWAYS_SEARCH_USER_PATHS = NO;
				CLANG_ANALYZER_NONNULL = YES;
				CLANG_ANALYZER_NUMBER_OBJECT_CONVERSION = YES_AGGRESSIVE;
				CLANG_CXX_LANGUAGE_STANDARD = "gnu++14";
				CLANG_CXX_LIBRARY = "libc++";
				CLANG_ENABLE_MODULES = YES;
				CLANG_ENABLE_OBJC_ARC = YES;
				CLANG_ENABLE_OBJC_WEAK = YES;
				CLANG_WARN_BLOCK_CAPTURE_AUTORELEASING = YES;
				CLANG_WARN_BOOL_CONVERSION = YES;
				CLANG_WARN_COMMA = YES;
				CLANG_WARN_CONSTANT_CONVERSION = YES;
				CLANG_WARN_DEPRECATED_OBJC_IMPLEMENTATIONS = YES;
				CLANG_WARN_DIRECT_OBJC_ISA_USAGE = YES_ERROR;
				CLANG_WARN_DOCUMENTATION_COMMENTS = YES;
				CLANG_WARN_EMPTY_BODY = YES;
				CLANG_WARN_ENUM_CONVERSION = YES;
				CLANG_WARN_INFINITE_RECURSION = YES;
				CLANG_WARN_INT_CONVERSION = YES;
				CLANG_WARN_NON_LITERAL_NULL_CONVERSION = YES;
				CLANG_WARN_OBJC_IMPLICIT_RETAIN_SELF = YES;
				CLANG_WARN_OBJC_LITERAL_CONVERSION = YES;
				CLANG_WARN_OBJC_ROOT_CLASS = YES_ERROR;
				CLANG_WARN_RANGE_LOOP_ANALYSIS = YES;
				CLANG_WARN_STRICT_PROTOTYPES = YES;
				CLANG_WARN_SUSPICIOUS_MOVE = YES;
				CLANG_WARN_UNGUARDED_AVAILABILITY = YES_AGGRESSIVE;
				CLANG_WARN_UNREACHABLE_CODE = YES;
				CLANG_WARN__DUPLICATE_METHOD_MATCH = YES;
				COPY_PHASE_STRIP = NO;
				DEBUG_INFORMATION_FORMAT = dwarf;
				ENABLE_STRICT_OBJC_MSGSEND = YES;
				ENABLE_TESTABILITY = YES;
				GCC_C_LANGUAGE_STANDARD = gnu11;
				GCC_DYNAMIC_NO_PIC = NO;
				GCC_NO_COMMON_BLOCKS = YES;
				GCC_OPTIMIZATION_LEVEL = 0;
				GCC_PREPROCESSOR_DEFINITIONS = (
					"DEBUG=1",
					"$(inherited)",
				);
				GCC_WARN_64_TO_32_BIT_CONVERSION = YES;
				GCC_WARN_ABOUT_RETURN_TYPE = YES_ERROR;
				GCC_WARN_UNDECLARED_SELECTOR = YES;
				GCC_WARN_UNINITIALIZED_AUTOS = YES_AGGRESSIVE;
				GCC_WARN_UNUSED_FUNCTION = YES;
				GCC_WARN_UNUSED_VARIABLE = YES;
				IPHONEOS_DEPLOYMENT_TARGET = 13.2;
				MTL_ENABLE_DEBUG_INFO = INCLUDE_SOURCE;
				MTL_FAST_MATH = YES;
				ONLY_ACTIVE_ARCH = YES;
				SDKROOT = iphoneos;
				SWIFT_ACTIVE_COMPILATION_CONDITIONS = DEBUG;
				SWIFT_OPTIMIZATION_LEVEL = "-Onone";
			};
			name = Debug;
		};
		D1364DBE23F875F100C43CAA /* Release */ = {
			isa = XCBuildConfiguration;
			buildSettings = {
				ALWAYS_SEARCH_USER_PATHS = NO;
				CLANG_ANALYZER_NONNULL = YES;
				CLANG_ANALYZER_NUMBER_OBJECT_CONVERSION = YES_AGGRESSIVE;
				CLANG_CXX_LANGUAGE_STANDARD = "gnu++14";
				CLANG_CXX_LIBRARY = "libc++";
				CLANG_ENABLE_MODULES = YES;
				CLANG_ENABLE_OBJC_ARC = YES;
				CLANG_ENABLE_OBJC_WEAK = YES;
				CLANG_WARN_BLOCK_CAPTURE_AUTORELEASING = YES;
				CLANG_WARN_BOOL_CONVERSION = YES;
				CLANG_WARN_COMMA = YES;
				CLANG_WARN_CONSTANT_CONVERSION = YES;
				CLANG_WARN_DEPRECATED_OBJC_IMPLEMENTATIONS = YES;
				CLANG_WARN_DIRECT_OBJC_ISA_USAGE = YES_ERROR;
				CLANG_WARN_DOCUMENTATION_COMMENTS = YES;
				CLANG_WARN_EMPTY_BODY = YES;
				CLANG_WARN_ENUM_CONVERSION = YES;
				CLANG_WARN_INFINITE_RECURSION = YES;
				CLANG_WARN_INT_CONVERSION = YES;
				CLANG_WARN_NON_LITERAL_NULL_CONVERSION = YES;
				CLANG_WARN_OBJC_IMPLICIT_RETAIN_SELF = YES;
				CLANG_WARN_OBJC_LITERAL_CONVERSION = YES;
				CLANG_WARN_OBJC_ROOT_CLASS = YES_ERROR;
				CLANG_WARN_RANGE_LOOP_ANALYSIS = YES;
				CLANG_WARN_STRICT_PROTOTYPES = YES;
				CLANG_WARN_SUSPICIOUS_MOVE = YES;
				CLANG_WARN_UNGUARDED_AVAILABILITY = YES_AGGRESSIVE;
				CLANG_WARN_UNREACHABLE_CODE = YES;
				CLANG_WARN__DUPLICATE_METHOD_MATCH = YES;
				COPY_PHASE_STRIP = NO;
				DEBUG_INFORMATION_FORMAT = "dwarf-with-dsym";
				ENABLE_NS_ASSERTIONS = NO;
				ENABLE_STRICT_OBJC_MSGSEND = YES;
				GCC_C_LANGUAGE_STANDARD = gnu11;
				GCC_NO_COMMON_BLOCKS = YES;
				GCC_WARN_64_TO_32_BIT_CONVERSION = YES;
				GCC_WARN_ABOUT_RETURN_TYPE = YES_ERROR;
				GCC_WARN_UNDECLARED_SELECTOR = YES;
				GCC_WARN_UNINITIALIZED_AUTOS = YES_AGGRESSIVE;
				GCC_WARN_UNUSED_FUNCTION = YES;
				GCC_WARN_UNUSED_VARIABLE = YES;
				IPHONEOS_DEPLOYMENT_TARGET = 13.2;
				MTL_ENABLE_DEBUG_INFO = NO;
				MTL_FAST_MATH = YES;
				SDKROOT = iphoneos;
				SWIFT_COMPILATION_MODE = wholemodule;
				SWIFT_OPTIMIZATION_LEVEL = "-O";
				VALIDATE_PRODUCT = YES;
			};
			name = Release;
		};
		D1364DC023F875F100C43CAA /* Debug */ = {
			isa = XCBuildConfiguration;
			baseConfigurationReference = D147A11CA79A0E314BC49CC5 /* Pods-Resplandecer.debug.xcconfig */;
			buildSettings = {
				ASSETCATALOG_COMPILER_APPICON_NAME = AppIcon;
				CODE_SIGN_ENTITLEMENTS = Resplandecer/Resplandecer.entitlements;
				CODE_SIGN_STYLE = Automatic;
				CURRENT_PROJECT_VERSION = 2;
				DEBUG_INFORMATION_FORMAT = "dwarf-with-dsym";
				DEVELOPMENT_ASSET_PATHS = "\"Resplandecer/Preview Content\"";
				DEVELOPMENT_TEAM = PLSSXHS7MZ;
				ENABLE_PREVIEWS = YES;
				"EXCLUDED_ARCHS[sdk=iphonesimulator*]" = arm64;
				INFOPLIST_FILE = Resplandecer/Info.plist;
				LD_RUNPATH_SEARCH_PATHS = (
					"$(inherited)",
					"@executable_path/Frameworks",
				);
				MARKETING_VERSION = 2;
				PRODUCT_BUNDLE_IDENTIFIER = com.resplandecer.Resplandecer;
				PRODUCT_NAME = "$(TARGET_NAME)";
				SWIFT_VERSION = 5.0;
				TARGETED_DEVICE_FAMILY = "1,2";
			};
			name = Debug;
		};
		D1364DC123F875F100C43CAA /* Release */ = {
			isa = XCBuildConfiguration;
			baseConfigurationReference = 52F212AC66C08733BD2928D9 /* Pods-Resplandecer.release.xcconfig */;
			buildSettings = {
				ASSETCATALOG_COMPILER_APPICON_NAME = AppIcon;
				CODE_SIGN_ENTITLEMENTS = Resplandecer/Resplandecer.entitlements;
				CODE_SIGN_STYLE = Automatic;
				CURRENT_PROJECT_VERSION = 2;
				DEVELOPMENT_ASSET_PATHS = "\"Resplandecer/Preview Content\"";
				DEVELOPMENT_TEAM = PLSSXHS7MZ;
				ENABLE_PREVIEWS = YES;
				"EXCLUDED_ARCHS[sdk=iphonesimulator*]" = arm64;
				INFOPLIST_FILE = Resplandecer/Info.plist;
				LD_RUNPATH_SEARCH_PATHS = (
					"$(inherited)",
					"@executable_path/Frameworks",
				);
				MARKETING_VERSION = 2;
				PRODUCT_BUNDLE_IDENTIFIER = com.resplandecer.Resplandecer;
				PRODUCT_NAME = "$(TARGET_NAME)";
				SWIFT_VERSION = 5.0;
				TARGETED_DEVICE_FAMILY = "1,2";
			};
			name = Release;
		};
/* End XCBuildConfiguration section */

/* Begin XCConfigurationList section */
		D1364DA623F875E300C43CAA /* Build configuration list for PBXProject "Resplandecer" */ = {
			isa = XCConfigurationList;
			buildConfigurations = (
				D1364DBD23F875F100C43CAA /* Debug */,
				D1364DBE23F875F100C43CAA /* Release */,
			);
			defaultConfigurationIsVisible = 0;
			defaultConfigurationName = Release;
		};
		D1364DBF23F875F100C43CAA /* Build configuration list for PBXNativeTarget "Resplandecer" */ = {
			isa = XCConfigurationList;
			buildConfigurations = (
				D1364DC023F875F100C43CAA /* Debug */,
				D1364DC123F875F100C43CAA /* Release */,
			);
			defaultConfigurationIsVisible = 0;
			defaultConfigurationName = Release;
		};
/* End XCConfigurationList section */
	};
	rootObject = D1364DA323F875E200C43CAA /* Project object */;
}
