// !$*UTF8*$!
{
	archiveVersion = 1;
	classes = {
	};
	objectVersion = 50;
	objects = {

/* Begin PBXBuildFile section */
		93CFD02F2408492D0010CDE4 /* AudioSimplePlayer.swift in Sources */ = {isa = PBXBuildFile; fileRef = 93CFD02E2408492D0010CDE4 /* AudioSimplePlayer.swift */; };
		D1364DAF23F875E300C43CAA /* AppDelegate.swift in Sources */ = {isa = PBXBuildFile; fileRef = D1364DAE23F875E300C43CAA /* AppDelegate.swift */; };
		D1364DB123F875E300C43CAA /* SceneDelegate.swift in Sources */ = {isa = PBXBuildFile; fileRef = D1364DB023F875E300C43CAA /* SceneDelegate.swift */; };
		D1364DB323F875E300C43CAA /* ContentView.swift in Sources */ = {isa = PBXBuildFile; fileRef = D1364DB223F875E300C43CAA /* ContentView.swift */; };
		D1364DB523F875F100C43CAA /* Assets.xcassets in Resources */ = {isa = PBXBuildFile; fileRef = D1364DB423F875F100C43CAA /* Assets.xcassets */; };
		D1364DB823F875F100C43CAA /* Preview Assets.xcassets in Resources */ = {isa = PBXBuildFile; fileRef = D1364DB723F875F100C43CAA /* Preview Assets.xcassets */; };
		D1364DBB23F875F100C43CAA /* LaunchScreen.storyboard in Resources */ = {isa = PBXBuildFile; fileRef = D1364DB923F875F100C43CAA /* LaunchScreen.storyboard */; };
		D1364DC323F87CD200C43CAA /* MenuView.swift in Sources */ = {isa = PBXBuildFile; fileRef = D1364DC223F87CD200C43CAA /* MenuView.swift */; };
		D1364DC523F882C000C43CAA /* Playlist.swift in Sources */ = {isa = PBXBuildFile; fileRef = D1364DC423F882C000C43CAA /* Playlist.swift */; };
/* End PBXBuildFile section */

/* Begin PBXFileReference section */
		93CFD02E2408492D0010CDE4 /* AudioSimplePlayer.swift */ = {isa = PBXFileReference; lastKnownFileType = sourcecode.swift; path = AudioSimplePlayer.swift; sourceTree = "<group>"; };
		D1364DAB23F875E300C43CAA /* Resplandecer.app */ = {isa = PBXFileReference; explicitFileType = wrapper.application; includeInIndex = 0; path = Resplandecer.app; sourceTree = BUILT_PRODUCTS_DIR; };
		D1364DAE23F875E300C43CAA /* AppDelegate.swift */ = {isa = PBXFileReference; lastKnownFileType = sourcecode.swift; path = AppDelegate.swift; sourceTree = "<group>"; };
		D1364DB023F875E300C43CAA /* SceneDelegate.swift */ = {isa = PBXFileReference; lastKnownFileType = sourcecode.swift; path = SceneDelegate.swift; sourceTree = "<group>"; };
		D1364DB223F875E300C43CAA /* ContentView.swift */ = {isa = PBXFileReference; lastKnownFileType = sourcecode.swift; path = ContentView.swift; sourceTree = "<group>"; };
		D1364DB423F875F100C43CAA /* Assets.xcassets */ = {isa = PBXFileReference; lastKnownFileType = folder.assetcatalog; path = Assets.xcassets; sourceTree = "<group>"; };
		D1364DB723F875F100C43CAA /* Preview Assets.xcassets */ = {isa = PBXFileReference; lastKnownFileType = folder.assetcatalog; path = "Preview Assets.xcassets"; sourceTree = "<group>"; };
		D1364DBA23F875F100C43CAA /* Base */ = {isa = PBXFileReference; lastKnownFileType = file.storyboard; name = Base; path = Base.lproj/LaunchScreen.storyboard; sourceTree = "<group>"; };
		D1364DBC23F875F100C43CAA /* Info.plist */ = {isa = PBXFileReference; lastKnownFileType = text.plist.xml; path = Info.plist; sourceTree = "<group>"; };
		D1364DC223F87CD200C43CAA /* MenuView.swift */ = {isa = PBXFileReference; fileEncoding = 4; lastKnownFileType = sourcecode.swift; path = MenuView.swift; sourceTree = "<group>"; };
		D1364DC423F882C000C43CAA /* Playlist.swift */ = {isa = PBXFileReference; lastKnownFileType = sourcecode.swift; path = Playlist.swift; sourceTree = "<group>"; };
/* End PBXFileReference section */

/* Begin PBXFrameworksBuildPhase section */
		D1364DA823F875E300C43CAA /* Frameworks */ = {
			isa = PBXFrameworksBuildPhase;
			buildActionMask = 2147483647;
			files = (
			);
			runOnlyForDeploymentPostprocessing = 0;
		};
/* End PBXFrameworksBuildPhase section */

/* Begin PBXGroup section */
		D1364DA223F875E200C43CAA = {
			isa = PBXGroup;
			children = (
				D1364DAD23F875E300C43CAA /* Resplandecer */,
				D1364DAC23F875E300C43CAA /* Products */,
			);
			sourceTree = "<group>";
		};
		D1364DAC23F875E300C43CAA /* Products */ = {
			isa = PBXGroup;
			children = (
				D1364DAB23F875E300C43CAA /* Resplandecer.app */,
			);
			name = Products;
			sourceTree = "<group>";
		};
		D1364DAD23F875E300C43CAA /* Resplandecer */ = {
			isa = PBXGroup;
			children = (
				D1364DAE23F875E300C43CAA /* AppDelegate.swift */,
				D1364DB023F875E300C43CAA /* SceneDelegate.swift */,
				D1364DB223F875E300C43CAA /* ContentView.swift */,
				D1364DC423F882C000C43CAA /* Playlist.swift */,
				D1364DC223F87CD200C43CAA /* MenuView.swift */,
				D1364DB423F875F100C43CAA /* Assets.xcassets */,
				D1364DB923F875F100C43CAA /* LaunchScreen.storyboard */,
				D1364DBC23F875F100C43CAA /* Info.plist */,
				D1364DB623F875F100C43CAA /* Preview Content */,
				93CFD02E2408492D0010CDE4 /* AudioSimplePlayer.swift */,
			);
			path = Resplandecer;
			sourceTree = "<group>";
		};
		D1364DB623F875F100C43CAA /* Preview Content */ = {
			isa = PBXGroup;
			children = (
				D1364DB723F875F100C43CAA /* Preview Assets.xcassets */,
			);
			path = "Preview Content";
			sourceTree = "<group>";
		};
/* End PBXGroup section */

/* Begin PBXNativeTarget section */
		D1364DAA23F875E300C43CAA /* Resplandecer */ = {
			isa = PBXNativeTarget;
			buildConfigurationList = D1364DBF23F875F100C43CAA /* Build configuration list for PBXNativeTarget "Resplandecer" */;
			buildPhases = (
				D1364DA723F875E300C43CAA /* Sources */,
				D1364DA823F875E300C43CAA /* Frameworks */,
				D1364DA923F875E300C43CAA /* Resources */,
			);
			buildRules = (
			);
			dependencies = (
			);
			name = Resplandecer;
			productName = Resplandecer;
			productReference = D1364DAB23F875E300C43CAA /* Resplandecer.app */;
			productType = "com.apple.product-type.application";
		};
/* End PBXNativeTarget section */

/* Begin PBXProject section */
		D1364DA323F875E200C43CAA /* Project object */ = {
			isa = PBXProject;
			attributes = {
				LastSwiftUpdateCheck = 1130;
				LastUpgradeCheck = 1130;
				ORGANIZATIONNAME = Resplandecer;
				TargetAttributes = {
					D1364DAA23F875E300C43CAA = {
						CreatedOnToolsVersion = 11.3.1;
					};
				};
			};
			buildConfigurationList = D1364DA623F875E300C43CAA /* Build configuration list for PBXProject "Resplandecer" */;
			compatibilityVersion = "Xcode 9.3";
			developmentRegion = en;
			hasScannedForEncodings = 0;
			knownRegions = (
				en,
				Base,
			);
			mainGroup = D1364DA223F875E200C43CAA;
			productRefGroup = D1364DAC23F875E300C43CAA /* Products */;
			projectDirPath = "";
			projectRoot = "";
			targets = (
				D1364DAA23F875E300C43CAA /* Resplandecer */,
			);
		};
/* End PBXProject section */

/* Begin PBXResourcesBuildPhase section */
		D1364DA923F875E300C43CAA /* Resources */ = {
			isa = PBXResourcesBuildPhase;
			buildActionMask = 2147483647;
			files = (
				D1364DBB23F875F100C43CAA /* LaunchScreen.storyboard in Resources */,
				D1364DB823F875F100C43CAA /* Preview Assets.xcassets in Resources */,
				D1364DB523F875F100C43CAA /* Assets.xcassets in Resources */,
			);
			runOnlyForDeploymentPostprocessing = 0;
		};
/* End PBXResourcesBuildPhase section */

/* Begin PBXSourcesBuildPhase section */
		D1364DA723F875E300C43CAA /* Sources */ = {
			isa = PBXSourcesBuildPhase;
			buildActionMask = 2147483647;
			files = (
				D1364DAF23F875E300C43CAA /* AppDelegate.swift in Sources */,
				93CFD02F2408492D0010CDE4 /* AudioSimplePlayer.swift in Sources */,
				D1364DB123F875E300C43CAA /* SceneDelegate.swift in Sources */,
				D1364DB323F875E300C43CAA /* ContentView.swift in Sources */,
				D1364DC323F87CD200C43CAA /* MenuView.swift in Sources */,
				D1364DC523F882C000C43CAA /* Playlist.swift in Sources */,
			);
			runOnlyForDeploymentPostprocessing = 0;
		};
/* End PBXSourcesBuildPhase section */

/* Begin PBXVariantGroup section */
		D1364DB923F875F100C43CAA /* LaunchScreen.storyboard */ = {
			isa = PBXVariantGroup;
			children = (
				D1364DBA23F875F100C43CAA /* Base */,
			);
			name = LaunchScreen.storyboard;
			sourceTree = "<group>";
		};
/* End PBXVariantGroup section */

/* Begin XCBuildConfiguration section */
		D1364DBD23F875F100C43CAA /* Debug */ = {
			isa = XCBuildConfiguration;
			buildSettings = {
				ALWAYS_SEARCH_USER_PATHS = NO;
				CLANG_ANALYZER_NONNULL = YES;
				CLANG_ANALYZER_NUMBER_OBJECT_CONVERSION = YES_AGGRESSIVE;
				CLANG_CXX_LANGUAGE_STANDARD = "gnu++14";
				CLANG_CXX_LIBRARY = "libc++";
				CLANG_ENABLE_MODULES = YES;
				CLANG_ENABLE_OBJC_ARC = YES;
				CLANG_ENABLE_OBJC_WEAK = YES;
				CLANG_WARN_BLOCK_CAPTURE_AUTORELEASING = YES;
				CLANG_WARN_BOOL_CONVERSION = YES;
				CLANG_WARN_COMMA = YES;
				CLANG_WARN_CONSTANT_CONVERSION = YES;
				CLANG_WARN_DEPRECATED_OBJC_IMPLEMENTATIONS = YES;
				CLANG_WARN_DIRECT_OBJC_ISA_USAGE = YES_ERROR;
				CLANG_WARN_DOCUMENTATION_COMMENTS = YES;
				CLANG_WARN_EMPTY_BODY = YES;
				CLANG_WARN_ENUM_CONVERSION = YES;
				CLANG_WARN_INFINITE_RECURSION = YES;
				CLANG_WARN_INT_CONVERSION = YES;
				CLANG_WARN_NON_LITERAL_NULL_CONVERSION = YES;
				CLANG_WARN_OBJC_IMPLICIT_RETAIN_SELF = YES;
				CLANG_WARN_OBJC_LITERAL_CONVERSION = YES;
				CLANG_WARN_OBJC_ROOT_CLASS = YES_ERROR;
				CLANG_WARN_RANGE_LOOP_ANALYSIS = YES;
				CLANG_WARN_STRICT_PROTOTYPES = YES;
				CLANG_WARN_SUSPICIOUS_MOVE = YES;
				CLANG_WARN_UNGUARDED_AVAILABILITY = YES_AGGRESSIVE;
				CLANG_WARN_UNREACHABLE_CODE = YES;
				CLANG_WARN__DUPLICATE_METHOD_MATCH = YES;
				COPY_PHASE_STRIP = NO;
				DEBUG_INFORMATION_FORMAT = dwarf;
				ENABLE_STRICT_OBJC_MSGSEND = YES;
				ENABLE_TESTABILITY = YES;
				GCC_C_LANGUAGE_STANDARD = gnu11;
				GCC_DYNAMIC_NO_PIC = NO;
				GCC_NO_COMMON_BLOCKS = YES;
				GCC_OPTIMIZATION_LEVEL = 0;
				GCC_PREPROCESSOR_DEFINITIONS = (
					"DEBUG=1",
					"$(inherited)",
				);
				GCC_WARN_64_TO_32_BIT_CONVERSION = YES;
				GCC_WARN_ABOUT_RETURN_TYPE = YES_ERROR;
				GCC_WARN_UNDECLARED_SELECTOR = YES;
				GCC_WARN_UNINITIALIZED_AUTOS = YES_AGGRESSIVE;
				GCC_WARN_UNUSED_FUNCTION = YES;
				GCC_WARN_UNUSED_VARIABLE = YES;
				IPHONEOS_DEPLOYMENT_TARGET = 13.2;
				MTL_ENABLE_DEBUG_INFO = INCLUDE_SOURCE;
				MTL_FAST_MATH = YES;
				ONLY_ACTIVE_ARCH = YES;
				SDKROOT = iphoneos;
				SWIFT_ACTIVE_COMPILATION_CONDITIONS = DEBUG;
				SWIFT_OPTIMIZATION_LEVEL = "-Onone";
			};
			name = Debug;
		};
		D1364DBE23F875F100C43CAA /* Release */ = {
			isa = XCBuildConfiguration;
			buildSettings = {
				ALWAYS_SEARCH_USER_PATHS = NO;
				CLANG_ANALYZER_NONNULL = YES;
				CLANG_ANALYZER_NUMBER_OBJECT_CONVERSION = YES_AGGRESSIVE;
				CLANG_CXX_LANGUAGE_STANDARD = "gnu++14";
				CLANG_CXX_LIBRARY = "libc++";
				CLANG_ENABLE_MODULES = YES;
				CLANG_ENABLE_OBJC_ARC = YES;
				CLANG_ENABLE_OBJC_WEAK = YES;
				CLANG_WARN_BLOCK_CAPTURE_AUTORELEASING = YES;
				CLANG_WARN_BOOL_CONVERSION = YES;
				CLANG_WARN_COMMA = YES;
				CLANG_WARN_CONSTANT_CONVERSION = YES;
				CLANG_WARN_DEPRECATED_OBJC_IMPLEMENTATIONS = YES;
				CLANG_WARN_DIRECT_OBJC_ISA_USAGE = YES_ERROR;
				CLANG_WARN_DOCUMENTATION_COMMENTS = YES;
				CLANG_WARN_EMPTY_BODY = YES;
				CLANG_WARN_ENUM_CONVERSION = YES;
				CLANG_WARN_INFINITE_RECURSION = YES;
				CLANG_WARN_INT_CONVERSION = YES;
				CLANG_WARN_NON_LITERAL_NULL_CONVERSION = YES;
				CLANG_WARN_OBJC_IMPLICIT_RETAIN_SELF = YES;
				CLANG_WARN_OBJC_LITERAL_CONVERSION = YES;
				CLANG_WARN_OBJC_ROOT_CLASS = YES_ERROR;
				CLANG_WARN_RANGE_LOOP_ANALYSIS = YES;
				CLANG_WARN_STRICT_PROTOTYPES = YES;
				CLANG_WARN_SUSPICIOUS_MOVE = YES;
				CLANG_WARN_UNGUARDED_AVAILABILITY = YES_AGGRESSIVE;
				CLANG_WARN_UNREACHABLE_CODE = YES;
				CLANG_WARN__DUPLICATE_METHOD_MATCH = YES;
				COPY_PHASE_STRIP = NO;
				DEBUG_INFORMATION_FORMAT = "dwarf-with-dsym";
				ENABLE_NS_ASSERTIONS = NO;
				ENABLE_STRICT_OBJC_MSGSEND = YES;
				GCC_C_LANGUAGE_STANDARD = gnu11;
				GCC_NO_COMMON_BLOCKS = YES;
				GCC_WARN_64_TO_32_BIT_CONVERSION = YES;
				GCC_WARN_ABOUT_RETURN_TYPE = YES_ERROR;
				GCC_WARN_UNDECLARED_SELECTOR = YES;
				GCC_WARN_UNINITIALIZED_AUTOS = YES_AGGRESSIVE;
				GCC_WARN_UNUSED_FUNCTION = YES;
				GCC_WARN_UNUSED_VARIABLE = YES;
				IPHONEOS_DEPLOYMENT_TARGET = 13.2;
				MTL_ENABLE_DEBUG_INFO = NO;
				MTL_FAST_MATH = YES;
				SDKROOT = iphoneos;
				SWIFT_COMPILATION_MODE = wholemodule;
				SWIFT_OPTIMIZATION_LEVEL = "-O";
				VALIDATE_PRODUCT = YES;
			};
			name = Release;
		};
		D1364DC023F875F100C43CAA /* Debug */ = {
			isa = XCBuildConfiguration;
			buildSettings = {
				ASSETCATALOG_COMPILER_APPICON_NAME = AppIcon;
				CODE_SIGN_STYLE = Automatic;
				DEVELOPMENT_ASSET_PATHS = "\"Resplandecer/Preview Content\"";
				ENABLE_PREVIEWS = YES;
				INFOPLIST_FILE = Resplandecer/Info.plist;
				LD_RUNPATH_SEARCH_PATHS = (
					"$(inherited)",
					"@executable_path/Frameworks",
				);
				PRODUCT_BUNDLE_IDENTIFIER = iOS.Resplandecer;
				PRODUCT_NAME = "$(TARGET_NAME)";
				SWIFT_VERSION = 5.0;
				TARGETED_DEVICE_FAMILY = "1,2";
			};
			name = Debug;
		};
		D1364DC123F875F100C43CAA /* Release */ = {
			isa = XCBuildConfiguration;
			buildSettings = {
				ASSETCATALOG_COMPILER_APPICON_NAME = AppIcon;
				CODE_SIGN_STYLE = Automatic;
				DEVELOPMENT_ASSET_PATHS = "\"Resplandecer/Preview Content\"";
				ENABLE_PREVIEWS = YES;
				INFOPLIST_FILE = Resplandecer/Info.plist;
				LD_RUNPATH_SEARCH_PATHS = (
					"$(inherited)",
					"@executable_path/Frameworks",
				);
				PRODUCT_BUNDLE_IDENTIFIER = iOS.Resplandecer;
				PRODUCT_NAME = "$(TARGET_NAME)";
				SWIFT_VERSION = 5.0;
				TARGETED_DEVICE_FAMILY = "1,2";
			};
			name = Release;
		};
/* End XCBuildConfiguration section */

/* Begin XCConfigurationList section */
		D1364DA623F875E300C43CAA /* Build configuration list for PBXProject "Resplandecer" */ = {
			isa = XCConfigurationList;
			buildConfigurations = (
				D1364DBD23F875F100C43CAA /* Debug */,
				D1364DBE23F875F100C43CAA /* Release */,
			);
			defaultConfigurationIsVisible = 0;
			defaultConfigurationName = Release;
		};
		D1364DBF23F875F100C43CAA /* Build configuration list for PBXNativeTarget "Resplandecer" */ = {
			isa = XCConfigurationList;
			buildConfigurations = (
				D1364DC023F875F100C43CAA /* Debug */,
				D1364DC123F875F100C43CAA /* Release */,
			);
			defaultConfigurationIsVisible = 0;
			defaultConfigurationName = Release;
		};
/* End XCConfigurationList section */
	};
	rootObject = D1364DA323F875E200C43CAA /* Project object */;
}
